
Microsoft Visual Studio Solution File, Format Version 12.00
# Visual Studio Version 17
VisualStudioVersion = 17.11.35219.272
MinimumVisualStudioVersion = 10.0.40219.1
Project("{FAE04EC0-301F-11D3-BF4B-00C04F79EFBC}") = "FransicApp", "FransicApp\FransicApp.csproj", "{065D0E59-C2B9-4A5C-88BC-D154DAFAC19D}"
EndProject
Global
	GlobalSection(SolutionConfigurationPlatforms) = preSolution
		Debug|Any CPU = Debug|Any CPU
		Release|Any CPU = Release|Any CPU
	EndGlobalSection
	GlobalSection(ProjectConfigurationPlatforms) = postSolution
		{065D0E59-C2B9-4A5C-88BC-D154DAFAC19D}.Debug|Any CPU.ActiveCfg = Debug|Any CPU
		{065D0E59-C2B9-4A5C-88BC-D154DAFAC19D}.Debug|Any CPU.Build.0 = Debug|Any CPU
		{065D0E59-C2B9-4A5C-88BC-D154DAFAC19D}.Debug|Any CPU.Deploy.0 = Debug|Any CPU
		{065D0E59-C2B9-4A5C-88BC-D154DAFAC19D}.Release|Any CPU.ActiveCfg = Release|Any CPU
		{065D0E59-C2B9-4A5C-88BC-D154DAFAC19D}.Release|Any CPU.Build.0 = Release|Any CPU
		{065D0E59-C2B9-4A5C-88BC-D154DAFAC19D}.Release|Any CPU.Deploy.0 = Release|Any CPU
	EndGlobalSection
	GlobalSection(SolutionProperties) = preSolution
		HideSolutionNode = FALSE
	EndGlobalSection
	GlobalSection(ExtensibilityGlobals) = postSolution
		SolutionGuid = {80C50F97-E226-4D6B-B732-C00155C1E0E9}
	EndGlobalSection
EndGlobal
